
Microsoft Visual Studio Solution File, Format Version 12.00
# Visual Studio Version 17
VisualStudioVersion = 17.6.33829.357
MinimumVisualStudioVersion = 10.0.40219.1
Project("{FAE04EC0-301F-11D3-BF4B-00C04F79EFBC}") = "Semana13Movil.Android", "Semana13Movil\Semana13Movil.Android\Semana13Movil.Android.csproj", "{60EDBBEA-E093-4A2C-A4AD-4D9591FF5BDD}"
EndProject
Project("{FAE04EC0-301F-11D3-BF4B-00C04F79EFBC}") = "Semana13Movil", "Semana13Movil\Semana13Movil\Semana13Movil.csproj", "{D613E332-41CF-4002-91EE-7DDF6BBA3D6A}"
EndProject
Global
	GlobalSection(SolutionConfigurationPlatforms) = preSolution
		Debug|Any CPU = Debug|Any CPU
		Release|Any CPU = Release|Any CPU
	EndGlobalSection
	GlobalSection(ProjectConfigurationPlatforms) = postSolution
		{60EDBBEA-E093-4A2C-A4AD-4D9591FF5BDD}.Debug|Any CPU.ActiveCfg = Debug|Any CPU
		{60EDBBEA-E093-4A2C-A4AD-4D9591FF5BDD}.Debug|Any CPU.Build.0 = Debug|Any CPU
		{60EDBBEA-E093-4A2C-A4AD-4D9591FF5BDD}.Debug|Any CPU.Deploy.0 = Debug|Any CPU
		{60EDBBEA-E093-4A2C-A4AD-4D9591FF5BDD}.Release|Any CPU.ActiveCfg = Release|Any CPU
		{60EDBBEA-E093-4A2C-A4AD-4D9591FF5BDD}.Release|Any CPU.Build.0 = Release|Any CPU
		{60EDBBEA-E093-4A2C-A4AD-4D9591FF5BDD}.Release|Any CPU.Deploy.0 = Release|Any CPU
		{D613E332-41CF-4002-91EE-7DDF6BBA3D6A}.Debug|Any CPU.ActiveCfg = Debug|Any CPU
		{D613E332-41CF-4002-91EE-7DDF6BBA3D6A}.Debug|Any CPU.Build.0 = Debug|Any CPU
		{D613E332-41CF-4002-91EE-7DDF6BBA3D6A}.Debug|Any CPU.Deploy.0 = Debug|Any CPU
		{D613E332-41CF-4002-91EE-7DDF6BBA3D6A}.Release|Any CPU.ActiveCfg = Release|Any CPU
		{D613E332-41CF-4002-91EE-7DDF6BBA3D6A}.Release|Any CPU.Build.0 = Release|Any CPU
		{D613E332-41CF-4002-91EE-7DDF6BBA3D6A}.Release|Any CPU.Deploy.0 = Release|Any CPU
	EndGlobalSection
	GlobalSection(SolutionProperties) = preSolution
		HideSolutionNode = FALSE
	EndGlobalSection
	GlobalSection(ExtensibilityGlobals) = postSolution
		SolutionGuid = {E8F5D08E-85B0-462E-948F-C9B12E73EB74}
	EndGlobalSection
EndGlobal
